Microsoft Visual Studio Solution File, Format Version 12.00
# Visual Studio 2012
Project("{FAE04EC0-301F-11D3-BF4B-00C04F79EFBC}") = "Barette.IDE", "Barette.IDE\Barette.IDE.csproj", "{1B38B35B-1224-4606-B80E-7C5A93F5548D}"
EndProject
Project("{FAE04EC0-301F-11D3-BF4B-00C04F79EFBC}") = "Barette.Library", "Barette.Library\Barette.Library.csproj", "{D51CC4AD-8B13-4FCD-9749-7374BEA8F3CA}"
EndProject
Project("{FAE04EC0-301F-11D3-BF4B-00C04F79EFBC}") = "MagicLibrary", "MagicLibrary\MagicLibrary.csproj", "{92F94EA0-9910-4895-B8A1-FED1543A9DA1}"
EndProject
Project("{FAE04EC0-301F-11D3-BF4B-00C04F79EFBC}") = "UtilityLibrary", "UtilityLibrary\UtilityLibrary.csproj", "{EF17DE45-C757-48BF-BE3B-FD8E1D72E154}"
EndProject
Project("{FAE04EC0-301F-11D3-BF4B-00C04F79EFBC}") = "OfficePickers", "OfficePickers\OfficePickers.csproj", "{CAD56B75-481B-4C76-B090-4BC2FF5E5681}"
EndProject
Project("{FAE04EC0-301F-11D3-BF4B-00C04F79EFBC}") = "ICSharpCode.SharpZLib", "SharpZipLib\src\ICSharpCode.SharpZLib.csproj", "{0E7413FF-EB9E-4714-ACF2-BE3A6A7B2FFD}"
EndProject
Project("{54435603-DBB4-11D2-8724-00A0C9A8B90C}") = "GAEInstaller", "GAEInstaller\GAEInstaller.vdproj", "{6A89C04B-AE3A-4FC2-BDAD-B25993C4F502}"
EndProject
Global
	GlobalSection(TeamFoundationVersionControl) = preSolution
		SccNumberOfProjects = 7
		SccEnterpriseProvider = {4CA58AB2-18FA-4F8D-95D4-32DDF27D184C}
		SccTeamFoundationServer = https://tfs.codeplex.com/tfs/tfs17
		SccLocalPath0 = .
		SccProjectUniqueName1 = Barette.IDE\\Barette.IDE.csproj
		SccProjectName1 = Barette.IDE
		SccLocalPath1 = Barette.IDE
		SccProjectUniqueName2 = Barette.Library\\Barette.Library.csproj
		SccProjectName2 = Barette.Library
		SccLocalPath2 = Barette.Library
		SccProjectUniqueName3 = MagicLibrary\\MagicLibrary.csproj
		SccProjectName3 = MagicLibrary
		SccLocalPath3 = MagicLibrary
		SccProjectUniqueName4 = OfficePickers\\OfficePickers.csproj
		SccProjectName4 = OfficePickers
		SccLocalPath4 = OfficePickers
		SccProjectUniqueName5 = SharpZipLib\\src\\ICSharpCode.SharpZLib.csproj
		SccProjectName5 = SharpZipLib/src
		SccLocalPath5 = SharpZipLib\\src
		SccProjectUniqueName6 = UtilityLibrary\\UtilityLibrary.csproj
		SccProjectName6 = UtilityLibrary
		SccLocalPath6 = UtilityLibrary
	EndGlobalSection
	GlobalSection(SolutionConfigurationPlatforms) = preSolution
		Debug|Any CPU = Debug|Any CPU
		Release + Setup|Any CPU = Release + Setup|Any CPU
		Release|Any CPU = Release|Any CPU
		StrongMagic|Any CPU = StrongMagic|Any CPU
	EndGlobalSection
	GlobalSection(ProjectConfigurationPlatforms) = postSolution
		{1B38B35B-1224-4606-B80E-7C5A93F5548D}.Debug|Any CPU.ActiveCfg = Debug|Any CPU
		{1B38B35B-1224-4606-B80E-7C5A93F5548D}.Debug|Any CPU.Build.0 = Debug|Any CPU
		{1B38B35B-1224-4606-B80E-7C5A93F5548D}.Release + Setup|Any CPU.ActiveCfg = Release + Setup|Any CPU
		{1B38B35B-1224-4606-B80E-7C5A93F5548D}.Release + Setup|Any CPU.Build.0 = Release + Setup|Any CPU
		{1B38B35B-1224-4606-B80E-7C5A93F5548D}.Release|Any CPU.ActiveCfg = Release|Any CPU
		{1B38B35B-1224-4606-B80E-7C5A93F5548D}.Release|Any CPU.Build.0 = Release|Any CPU
		{1B38B35B-1224-4606-B80E-7C5A93F5548D}.StrongMagic|Any CPU.ActiveCfg = Release|Any CPU
		{1B38B35B-1224-4606-B80E-7C5A93F5548D}.StrongMagic|Any CPU.Build.0 = Release|Any CPU
		{D51CC4AD-8B13-4FCD-9749-7374BEA8F3CA}.Debug|Any CPU.ActiveCfg = Debug|Any CPU
		{D51CC4AD-8B13-4FCD-9749-7374BEA8F3CA}.Debug|Any CPU.Build.0 = Debug|Any CPU
		{D51CC4AD-8B13-4FCD-9749-7374BEA8F3CA}.Release + Setup|Any CPU.ActiveCfg = Release + Setup|Any CPU
		{D51CC4AD-8B13-4FCD-9749-7374BEA8F3CA}.Release + Setup|Any CPU.Build.0 = Release + Setup|Any CPU
		{D51CC4AD-8B13-4FCD-9749-7374BEA8F3CA}.Release|Any CPU.ActiveCfg = Release|Any CPU
		{D51CC4AD-8B13-4FCD-9749-7374BEA8F3CA}.Release|Any CPU.Build.0 = Release|Any CPU
		{D51CC4AD-8B13-4FCD-9749-7374BEA8F3CA}.StrongMagic|Any CPU.ActiveCfg = Release|Any CPU
		{D51CC4AD-8B13-4FCD-9749-7374BEA8F3CA}.StrongMagic|Any CPU.Build.0 = Release|Any CPU
		{92F94EA0-9910-4895-B8A1-FED1543A9DA1}.Debug|Any CPU.ActiveCfg = Debug|Any CPU
		{92F94EA0-9910-4895-B8A1-FED1543A9DA1}.Debug|Any CPU.Build.0 = Debug|Any CPU
		{92F94EA0-9910-4895-B8A1-FED1543A9DA1}.Release + Setup|Any CPU.ActiveCfg = Release + Setup|Any CPU
		{92F94EA0-9910-4895-B8A1-FED1543A9DA1}.Release + Setup|Any CPU.Build.0 = Release + Setup|Any CPU
		{92F94EA0-9910-4895-B8A1-FED1543A9DA1}.Release|Any CPU.ActiveCfg = Release|Any CPU
		{92F94EA0-9910-4895-B8A1-FED1543A9DA1}.Release|Any CPU.Build.0 = Release|Any CPU
		{92F94EA0-9910-4895-B8A1-FED1543A9DA1}.StrongMagic|Any CPU.ActiveCfg = StrongMagic|Any CPU
		{92F94EA0-9910-4895-B8A1-FED1543A9DA1}.StrongMagic|Any CPU.Build.0 = StrongMagic|Any CPU
		{EF17DE45-C757-48BF-BE3B-FD8E1D72E154}.Debug|Any CPU.ActiveCfg = Debug|Any CPU
		{EF17DE45-C757-48BF-BE3B-FD8E1D72E154}.Debug|Any CPU.Build.0 = Debug|Any CPU
		{EF17DE45-C757-48BF-BE3B-FD8E1D72E154}.Release + Setup|Any CPU.ActiveCfg = Release + Setup|Any CPU
		{EF17DE45-C757-48BF-BE3B-FD8E1D72E154}.Release + Setup|Any CPU.Build.0 = Release + Setup|Any CPU
		{EF17DE45-C757-48BF-BE3B-FD8E1D72E154}.Release|Any CPU.ActiveCfg = Release|Any CPU
		{EF17DE45-C757-48BF-BE3B-FD8E1D72E154}.Release|Any CPU.Build.0 = Release|Any CPU
		{EF17DE45-C757-48BF-BE3B-FD8E1D72E154}.StrongMagic|Any CPU.ActiveCfg = Release|Any CPU
		{EF17DE45-C757-48BF-BE3B-FD8E1D72E154}.StrongMagic|Any CPU.Build.0 = Release|Any CPU
		{CAD56B75-481B-4C76-B090-4BC2FF5E5681}.Debug|Any CPU.ActiveCfg = Debug|Any CPU
		{CAD56B75-481B-4C76-B090-4BC2FF5E5681}.Debug|Any CPU.Build.0 = Debug|Any CPU
		{CAD56B75-481B-4C76-B090-4BC2FF5E5681}.Release + Setup|Any CPU.ActiveCfg = Release|Any CPU
		{CAD56B75-481B-4C76-B090-4BC2FF5E5681}.Release + Setup|Any CPU.Build.0 = Release|Any CPU
		{CAD56B75-481B-4C76-B090-4BC2FF5E5681}.Release|Any CPU.ActiveCfg = Release|Any CPU
		{CAD56B75-481B-4C76-B090-4BC2FF5E5681}.Release|Any CPU.Build.0 = Release|Any CPU
		{CAD56B75-481B-4C76-B090-4BC2FF5E5681}.StrongMagic|Any CPU.ActiveCfg = Release|Any CPU
		{CAD56B75-481B-4C76-B090-4BC2FF5E5681}.StrongMagic|Any CPU.Build.0 = Release|Any CPU
		{0E7413FF-EB9E-4714-ACF2-BE3A6A7B2FFD}.Debug|Any CPU.ActiveCfg = Debug|Any CPU
		{0E7413FF-EB9E-4714-ACF2-BE3A6A7B2FFD}.Debug|Any CPU.Build.0 = Debug|Any CPU
		{0E7413FF-EB9E-4714-ACF2-BE3A6A7B2FFD}.Release + Setup|Any CPU.ActiveCfg = Release|Any CPU
		{0E7413FF-EB9E-4714-ACF2-BE3A6A7B2FFD}.Release + Setup|Any CPU.Build.0 = Release|Any CPU
		{0E7413FF-EB9E-4714-ACF2-BE3A6A7B2FFD}.Release|Any CPU.ActiveCfg = Release|Any CPU
		{0E7413FF-EB9E-4714-ACF2-BE3A6A7B2FFD}.Release|Any CPU.Build.0 = Release|Any CPU
		{0E7413FF-EB9E-4714-ACF2-BE3A6A7B2FFD}.StrongMagic|Any CPU.ActiveCfg = Debug|Any CPU
		{0E7413FF-EB9E-4714-ACF2-BE3A6A7B2FFD}.StrongMagic|Any CPU.Build.0 = Debug|Any CPU
		{6A89C04B-AE3A-4FC2-BDAD-B25993C4F502}.Debug|Any CPU.ActiveCfg = Debug
		{6A89C04B-AE3A-4FC2-BDAD-B25993C4F502}.Release + Setup|Any CPU.ActiveCfg = Release
		{6A89C04B-AE3A-4FC2-BDAD-B25993C4F502}.Release|Any CPU.ActiveCfg = Release
		{6A89C04B-AE3A-4FC2-BDAD-B25993C4F502}.StrongMagic|Any CPU.ActiveCfg = Release
	EndGlobalSection
	GlobalSection(SolutionProperties) = preSolution
		HideSolutionNode = FALSE
	EndGlobalSection
EndGlobal
