
Microsoft Visual Studio Solution File, Format Version 12.00
# Visual Studio 14
VisualStudioVersion = 14.0.24720.0
MinimumVisualStudioVersion = 10.0.40219.1
Project("{FAE04EC0-301F-11D3-BF4B-00C04F79EFBC}") = "CurrencyTextBoxControl", "CurrencyTextBoxControl\CurrencyTextBoxControl.csproj", "{144A2EE7-09EC-4618-BA94-6593205962C9}"
EndProject
Project("{FAE04EC0-301F-11D3-BF4B-00C04F79EFBC}") = "CurrencyTextBoxExample", "CurrencyTextBoxExample\CurrencyTextBoxExample.csproj", "{13F3D236-4FC1-433F-9F2E-E0932035A5AD}"
EndProject
Project("{2150E333-8FDC-42A3-9474-1A3956D46DE8}") = "Nuget Package", "Nuget Package", "{38691D0B-4E4A-4EF4-B1BC-5C6C29C3BCB6}"
	ProjectSection(SolutionItems) = preProject
		CurrencyTextBox.1.1.0.nupkg = CurrencyTextBox.1.1.0.nupkg
	EndProjectSection
EndProject
Global
	GlobalSection(SolutionConfigurationPlatforms) = preSolution
		Debug|Any CPU = Debug|Any CPU
		Debug|Mixed Platforms = Debug|Mixed Platforms
		Debug|x86 = Debug|x86
		Release|Any CPU = Release|Any CPU
		Release|Mixed Platforms = Release|Mixed Platforms
		Release|x86 = Release|x86
	EndGlobalSection
	GlobalSection(ProjectConfigurationPlatforms) = postSolution
		{144A2EE7-09EC-4618-BA94-6593205962C9}.Debug|Any CPU.ActiveCfg = Release|Any CPU
		{144A2EE7-09EC-4618-BA94-6593205962C9}.Debug|Any CPU.Build.0 = Release|Any CPU
		{144A2EE7-09EC-4618-BA94-6593205962C9}.Debug|Mixed Platforms.ActiveCfg = Debug|Any CPU
		{144A2EE7-09EC-4618-BA94-6593205962C9}.Debug|Mixed Platforms.Build.0 = Debug|Any CPU
		{144A2EE7-09EC-4618-BA94-6593205962C9}.Debug|x86.ActiveCfg = Debug|Any CPU
		{144A2EE7-09EC-4618-BA94-6593205962C9}.Release|Any CPU.ActiveCfg = Release|Any CPU
		{144A2EE7-09EC-4618-BA94-6593205962C9}.Release|Any CPU.Build.0 = Release|Any CPU
		{144A2EE7-09EC-4618-BA94-6593205962C9}.Release|Mixed Platforms.ActiveCfg = Release|Any CPU
		{144A2EE7-09EC-4618-BA94-6593205962C9}.Release|Mixed Platforms.Build.0 = Release|Any CPU
		{144A2EE7-09EC-4618-BA94-6593205962C9}.Release|x86.ActiveCfg = Release|Any CPU
		{13F3D236-4FC1-433F-9F2E-E0932035A5AD}.Debug|Any CPU.ActiveCfg = Debug|x86
		{13F3D236-4FC1-433F-9F2E-E0932035A5AD}.Debug|Mixed Platforms.ActiveCfg = Debug|x86
		{13F3D236-4FC1-433F-9F2E-E0932035A5AD}.Debug|Mixed Platforms.Build.0 = Debug|x86
		{13F3D236-4FC1-433F-9F2E-E0932035A5AD}.Debug|x86.ActiveCfg = Debug|x86
		{13F3D236-4FC1-433F-9F2E-E0932035A5AD}.Debug|x86.Build.0 = Debug|x86
		{13F3D236-4FC1-433F-9F2E-E0932035A5AD}.Release|Any CPU.ActiveCfg = Release|x86
		{13F3D236-4FC1-433F-9F2E-E0932035A5AD}.Release|Mixed Platforms.ActiveCfg = Release|x86
		{13F3D236-4FC1-433F-9F2E-E0932035A5AD}.Release|Mixed Platforms.Build.0 = Release|x86
		{13F3D236-4FC1-433F-9F2E-E0932035A5AD}.Release|x86.ActiveCfg = Release|x86
		{13F3D236-4FC1-433F-9F2E-E0932035A5AD}.Release|x86.Build.0 = Release|x86
	EndGlobalSection
	GlobalSection(SolutionProperties) = preSolution
		HideSolutionNode = FALSE
	EndGlobalSection
	GlobalSection(TeamFoundationVersionControl) = preSolution
		SccNumberOfProjects = 3
		SccEnterpriseProvider = {4CA58AB2-18FA-4F8D-95D4-32DDF27D184C}
		SccTeamFoundationServer = https://tfs.codeplex.com/tfs/tfs17
		SccLocalPath0 = .
		SccProjectUniqueName1 = CurrencyTextBoxControl\\CurrencyTextBoxControl.csproj
		SccProjectName1 = CurrencyTextBoxControl
		SccLocalPath1 = CurrencyTextBoxControl
		SccProjectUniqueName2 = CurrencyTextBoxExample\\CurrencyTextBoxExample.csproj
		SccProjectName2 = CurrencyTextBoxExample
		SccLocalPath2 = CurrencyTextBoxExample
	EndGlobalSection
EndGlobal
